
Microsoft Visual Studio Solution File, Format Version 12.00
# Visual Studio Version 16
VisualStudioVersion = 16.0.34114.132
MinimumVisualStudioVersion = 10.0.40219.1
Project("{9A19103F-16F7-4668-BE54-9A1E7A4F7556}") = "MuhammedsWebStore", "MuhammedsWebStore\MuhammedsWebStore.csproj", "{77A9DBE0-A0BA-45AE-B9E7-A55A5E1DE9B8}"
EndProject
Project("{9A19103F-16F7-4668-BE54-9A1E7A4F7556}") = "MuhammedsBooks.DataAccess", "MuhammedsBooks.DataAccess\MuhammedsBooks.DataAccess.csproj", "{9103CC5E-76FD-4D66-9195-876660903508}"
EndProject
Project("{9A19103F-16F7-4668-BE54-9A1E7A4F7556}") = "MuhammedsBooks.Models", "MuhammedsBooks.Models\MuhammedsBooks.Models.csproj", "{2B121BEF-68EF-42D8-9849-20BC32CD2F52}"
EndProject
Project("{9A19103F-16F7-4668-BE54-9A1E7A4F7556}") = "MuhammedsBooks.Utility", "MuhammedsBooks.Utility\MuhammedsBooks.Utility.csproj", "{E94FCF99-0DCC-4B20-9307-994C1F763E40}"
EndProject
Project("{2150E333-8FDC-42A3-9474-1A3956D46DE8}") = "Solution Items", "Solution Items", "{BBE4C799-871C-4633-9692-4DB00374A38E}"
EndProject
Global
	GlobalSection(SolutionConfigurationPlatforms) = preSolution
		Debug|Any CPU = Debug|Any CPU
		Release|Any CPU = Release|Any CPU
	EndGlobalSection
	GlobalSection(ProjectConfigurationPlatforms) = postSolution
		{77A9DBE0-A0BA-45AE-B9E7-A55A5E1DE9B8}.Debug|Any CPU.ActiveCfg = Debug|Any CPU
		{77A9DBE0-A0BA-45AE-B9E7-A55A5E1DE9B8}.Debug|Any CPU.Build.0 = Debug|Any CPU
		{77A9DBE0-A0BA-45AE-B9E7-A55A5E1DE9B8}.Release|Any CPU.ActiveCfg = Release|Any CPU
		{77A9DBE0-A0BA-45AE-B9E7-A55A5E1DE9B8}.Release|Any CPU.Build.0 = Release|Any CPU
		{9103CC5E-76FD-4D66-9195-876660903508}.Debug|Any CPU.ActiveCfg = Debug|Any CPU
		{9103CC5E-76FD-4D66-9195-876660903508}.Debug|Any CPU.Build.0 = Debug|Any CPU
		{9103CC5E-76FD-4D66-9195-876660903508}.Release|Any CPU.ActiveCfg = Release|Any CPU
		{9103CC5E-76FD-4D66-9195-876660903508}.Release|Any CPU.Build.0 = Release|Any CPU
		{2B121BEF-68EF-42D8-9849-20BC32CD2F52}.Debug|Any CPU.ActiveCfg = Debug|Any CPU
		{2B121BEF-68EF-42D8-9849-20BC32CD2F52}.Debug|Any CPU.Build.0 = Debug|Any CPU
		{2B121BEF-68EF-42D8-9849-20BC32CD2F52}.Release|Any CPU.ActiveCfg = Release|Any CPU
		{2B121BEF-68EF-42D8-9849-20BC32CD2F52}.Release|Any CPU.Build.0 = Release|Any CPU
		{E94FCF99-0DCC-4B20-9307-994C1F763E40}.Debug|Any CPU.ActiveCfg = Debug|Any CPU
		{E94FCF99-0DCC-4B20-9307-994C1F763E40}.Debug|Any CPU.Build.0 = Debug|Any CPU
		{E94FCF99-0DCC-4B20-9307-994C1F763E40}.Release|Any CPU.ActiveCfg = Release|Any CPU
		{E94FCF99-0DCC-4B20-9307-994C1F763E40}.Release|Any CPU.Build.0 = Release|Any CPU
	EndGlobalSection
	GlobalSection(SolutionProperties) = preSolution
		HideSolutionNode = FALSE
	EndGlobalSection
	GlobalSection(ExtensibilityGlobals) = postSolution
		SolutionGuid = {3F310F91-8C2E-4CC3-9644-9B48ED34109F}
	EndGlobalSection
EndGlobal
